
Microsoft Visual Studio Solution File, Format Version 12.00
# Visual Studio Version 16
VisualStudioVersion = 16.6.30114.105
MinimumVisualStudioVersion = 10.0.40219.1
Project("{FAE04EC0-301F-11D3-BF4B-00C04F79EFBC}") = "API", "API\API.csproj", "{4A03CF9D-65EF-4FC4-BC8D-E1718F219BAE}"
EndProject
Project("{FAE04EC0-301F-11D3-BF4B-00C04F79EFBC}") = "Application", "Application\Application.csproj", "{F840E3D4-C5F1-4FA9-BCE2-B1AD2DE48DDD}"
EndProject
Project("{FAE04EC0-301F-11D3-BF4B-00C04F79EFBC}") = "Persistence", "Persistence\Persistence.csproj", "{4B5AADCA-82EF-45C1-A3D3-A78D6A8825F6}"
EndProject
Project("{FAE04EC0-301F-11D3-BF4B-00C04F79EFBC}") = "Domain", "Domain\Domain.csproj", "{C816C9CA-8FFF-484A-A911-B3EA610641CD}"
EndProject
Global
	GlobalSection(SolutionConfigurationPlatforms) = preSolution
		Debug|Any CPU = Debug|Any CPU
		Debug|x64 = Debug|x64
		Debug|x86 = Debug|x86
		Release|Any CPU = Release|Any CPU
		Release|x64 = Release|x64
		Release|x86 = Release|x86
	EndGlobalSection
	GlobalSection(SolutionProperties) = preSolution
		HideSolutionNode = FALSE
	EndGlobalSection
	GlobalSection(ProjectConfigurationPlatforms) = postSolution
		{4A03CF9D-65EF-4FC4-BC8D-E1718F219BAE}.Debug|Any CPU.ActiveCfg = Debug|Any CPU
		{4A03CF9D-65EF-4FC4-BC8D-E1718F219BAE}.Debug|Any CPU.Build.0 = Debug|Any CPU
		{4A03CF9D-65EF-4FC4-BC8D-E1718F219BAE}.Debug|x64.ActiveCfg = Debug|Any CPU
		{4A03CF9D-65EF-4FC4-BC8D-E1718F219BAE}.Debug|x64.Build.0 = Debug|Any CPU
		{4A03CF9D-65EF-4FC4-BC8D-E1718F219BAE}.Debug|x86.ActiveCfg = Debug|Any CPU
		{4A03CF9D-65EF-4FC4-BC8D-E1718F219BAE}.Debug|x86.Build.0 = Debug|Any CPU
		{4A03CF9D-65EF-4FC4-BC8D-E1718F219BAE}.Release|Any CPU.ActiveCfg = Release|Any CPU
		{4A03CF9D-65EF-4FC4-BC8D-E1718F219BAE}.Release|Any CPU.Build.0 = Release|Any CPU
		{4A03CF9D-65EF-4FC4-BC8D-E1718F219BAE}.Release|x64.ActiveCfg = Release|Any CPU
		{4A03CF9D-65EF-4FC4-BC8D-E1718F219BAE}.Release|x64.Build.0 = Release|Any CPU
		{4A03CF9D-65EF-4FC4-BC8D-E1718F219BAE}.Release|x86.ActiveCfg = Release|Any CPU
		{4A03CF9D-65EF-4FC4-BC8D-E1718F219BAE}.Release|x86.Build.0 = Release|Any CPU
		{F840E3D4-C5F1-4FA9-BCE2-B1AD2DE48DDD}.Debug|Any CPU.ActiveCfg = Debug|Any CPU
		{F840E3D4-C5F1-4FA9-BCE2-B1AD2DE48DDD}.Debug|Any CPU.Build.0 = Debug|Any CPU
		{F840E3D4-C5F1-4FA9-BCE2-B1AD2DE48DDD}.Debug|x64.ActiveCfg = Debug|Any CPU
		{F840E3D4-C5F1-4FA9-BCE2-B1AD2DE48DDD}.Debug|x64.Build.0 = Debug|Any CPU
		{F840E3D4-C5F1-4FA9-BCE2-B1AD2DE48DDD}.Debug|x86.ActiveCfg = Debug|Any CPU
		{F840E3D4-C5F1-4FA9-BCE2-B1AD2DE48DDD}.Debug|x86.Build.0 = Debug|Any CPU
		{F840E3D4-C5F1-4FA9-BCE2-B1AD2DE48DDD}.Release|Any CPU.ActiveCfg = Release|Any CPU
		{F840E3D4-C5F1-4FA9-BCE2-B1AD2DE48DDD}.Release|Any CPU.Build.0 = Release|Any CPU
		{F840E3D4-C5F1-4FA9-BCE2-B1AD2DE48DDD}.Release|x64.ActiveCfg = Release|Any CPU
		{F840E3D4-C5F1-4FA9-BCE2-B1AD2DE48DDD}.Release|x64.Build.0 = Release|Any CPU
		{F840E3D4-C5F1-4FA9-BCE2-B1AD2DE48DDD}.Release|x86.ActiveCfg = Release|Any CPU
		{F840E3D4-C5F1-4FA9-BCE2-B1AD2DE48DDD}.Release|x86.Build.0 = Release|Any CPU
		{4B5AADCA-82EF-45C1-A3D3-A78D6A8825F6}.Debug|Any CPU.ActiveCfg = Debug|Any CPU
		{4B5AADCA-82EF-45C1-A3D3-A78D6A8825F6}.Debug|Any CPU.Build.0 = Debug|Any CPU
		{4B5AADCA-82EF-45C1-A3D3-A78D6A8825F6}.Debug|x64.ActiveCfg = Debug|Any CPU
		{4B5AADCA-82EF-45C1-A3D3-A78D6A8825F6}.Debug|x64.Build.0 = Debug|Any CPU
		{4B5AADCA-82EF-45C1-A3D3-A78D6A8825F6}.Debug|x86.ActiveCfg = Debug|Any CPU
		{4B5AADCA-82EF-45C1-A3D3-A78D6A8825F6}.Debug|x86.Build.0 = Debug|Any CPU
		{4B5AADCA-82EF-45C1-A3D3-A78D6A8825F6}.Release|Any CPU.ActiveCfg = Release|Any CPU
		{4B5AADCA-82EF-45C1-A3D3-A78D6A8825F6}.Release|Any CPU.Build.0 = Release|Any CPU
		{4B5AADCA-82EF-45C1-A3D3-A78D6A8825F6}.Release|x64.ActiveCfg = Release|Any CPU
		{4B5AADCA-82EF-45C1-A3D3-A78D6A8825F6}.Release|x64.Build.0 = Release|Any CPU
		{4B5AADCA-82EF-45C1-A3D3-A78D6A8825F6}.Release|x86.ActiveCfg = Release|Any CPU
		{4B5AADCA-82EF-45C1-A3D3-A78D6A8825F6}.Release|x86.Build.0 = Release|Any CPU
		{C816C9CA-8FFF-484A-A911-B3EA610641CD}.Debug|Any CPU.ActiveCfg = Debug|Any CPU
		{C816C9CA-8FFF-484A-A911-B3EA610641CD}.Debug|Any CPU.Build.0 = Debug|Any CPU
		{C816C9CA-8FFF-484A-A911-B3EA610641CD}.Debug|x64.ActiveCfg = Debug|Any CPU
		{C816C9CA-8FFF-484A-A911-B3EA610641CD}.Debug|x64.Build.0 = Debug|Any CPU
		{C816C9CA-8FFF-484A-A911-B3EA610641CD}.Debug|x86.ActiveCfg = Debug|Any CPU
		{C816C9CA-8FFF-484A-A911-B3EA610641CD}.Debug|x86.Build.0 = Debug|Any CPU
		{C816C9CA-8FFF-484A-A911-B3EA610641CD}.Release|Any CPU.ActiveCfg = Release|Any CPU
		{C816C9CA-8FFF-484A-A911-B3EA610641CD}.Release|Any CPU.Build.0 = Release|Any CPU
		{C816C9CA-8FFF-484A-A911-B3EA610641CD}.Release|x64.ActiveCfg = Release|Any CPU
		{C816C9CA-8FFF-484A-A911-B3EA610641CD}.Release|x64.Build.0 = Release|Any CPU
		{C816C9CA-8FFF-484A-A911-B3EA610641CD}.Release|x86.ActiveCfg = Release|Any CPU
		{C816C9CA-8FFF-484A-A911-B3EA610641CD}.Release|x86.Build.0 = Release|Any CPU
	EndGlobalSection
EndGlobal
